
Microsoft Visual Studio Solution File, Format Version 12.00
# Visual Studio 15
VisualStudioVersion = 15.0.28307.271
MinimumVisualStudioVersion = 10.0.40219.1
Project("{9A19103F-16F7-4668-BE54-9A1E7A4F7556}") = "ProductAPI", "ProductAPI.csproj", "{D702DCFF-A05D-4573-A003-345C7957249F}"
EndProject
Global
	GlobalSection(SolutionConfigurationPlatforms) = preSolution
		Debug|Any CPU = Debug|Any CPU
		Release|Any CPU = Release|Any CPU
	EndGlobalSection
	GlobalSection(ProjectConfigurationPlatforms) = postSolution
		{D702DCFF-A05D-4573-A003-345C7957249F}.Debug|Any CPU.ActiveCfg = Debug|Any CPU
		{D702DCFF-A05D-4573-A003-345C7957249F}.Debug|Any CPU.Build.0 = Debug|Any CPU
		{D702DCFF-A05D-4573-A003-345C7957249F}.Release|Any CPU.ActiveCfg = Release|Any CPU
		{D702DCFF-A05D-4573-A003-345C7957249F}.Release|Any CPU.Build.0 = Release|Any CPU
	EndGlobalSection
	GlobalSection(SolutionProperties) = preSolution
		HideSolutionNode = FALSE
	EndGlobalSection
	GlobalSection(ExtensibilityGlobals) = postSolution
		SolutionGuid = {40827C5B-48B1-476B-8317-BBF3E771027D}
	EndGlobalSection
EndGlobal
